// !$*UTF8*$!
{
	archiveVersion = 1;
	classes = {
	};
	objectVersion = 48;
	objects = {

/* Begin PBXBuildFile section */
		21705A64205EFDB200E417CA /* AppDelegate.swift in Sources */ = {isa = PBXBuildFile; fileRef = 21705A63205EFDB200E417CA /* AppDelegate.swift */; };
		21705A66205EFDB200E417CA /* WalkThrough.swift in Sources */ = {isa = PBXBuildFile; fileRef = 21705A65205EFDB200E417CA /* WalkThrough.swift */; };
		21705A69205EFDB200E417CA /* Main.storyboard in Resources */ = {isa = PBXBuildFile; fileRef = 21705A67205EFDB200E417CA /* Main.storyboard */; };
		21705A6B205EFDB200E417CA /* Assets.xcassets in Resources */ = {isa = PBXBuildFile; fileRef = 21705A6A205EFDB200E417CA /* Assets.xcassets */; };
		21705A6E205EFDB200E417CA /* LaunchScreen.storyboard in Resources */ = {isa = PBXBuildFile; fileRef = 21705A6C205EFDB200E417CA /* LaunchScreen.storyboard */; };
		21705A77205F3FDF00E417CA /* uiview.swift in Sources */ = {isa = PBXBuildFile; fileRef = 21705A76205F3FDF00E417CA /* uiview.swift */; };
		21705A79205F492500E417CA /* constants.swift in Sources */ = {isa = PBXBuildFile; fileRef = 21705A78205F492500E417CA /* constants.swift */; };
		21705A7C205F49D600E417CA /* WalkThroughCell.swift in Sources */ = {isa = PBXBuildFile; fileRef = 21705A7B205F49D600E417CA /* WalkThroughCell.swift */; };
		21705A7F205F6C0100E417CA /* Page.swift in Sources */ = {isa = PBXBuildFile; fileRef = 21705A7E205F6C0100E417CA /* Page.swift */; };
		21705A81206013E000E417CA /* WalkThroughLoginCell.swift in Sources */ = {isa = PBXBuildFile; fileRef = 21705A80206013E000E417CA /* WalkThroughLoginCell.swift */; };
/* End PBXBuildFile section */

/* Begin PBXFileReference section */
		21705A60205EFDB200E417CA /* AudibleLogin.app */ = {isa = PBXFileReference; explicitFileType = wrapper.application; includeInIndex = 0; path = AudibleLogin.app; sourceTree = BUILT_PRODUCTS_DIR; };
		21705A63205EFDB200E417CA /* AppDelegate.swift */ = {isa = PBXFileReference; lastKnownFileType = sourcecode.swift; path = AppDelegate.swift; sourceTree = "<group>"; };
		21705A65205EFDB200E417CA /* WalkThrough.swift */ = {isa = PBXFileReference; lastKnownFileType = sourcecode.swift; path = WalkThrough.swift; sourceTree = "<group>"; };
		21705A68205EFDB200E417CA /* Base */ = {isa = PBXFileReference; lastKnownFileType = file.storyboard; name = Base; path = Base.lproj/Main.storyboard; sourceTree = "<group>"; };
		21705A6A205EFDB200E417CA /* Assets.xcassets */ = {isa = PBXFileReference; lastKnownFileType = folder.assetcatalog; path = Assets.xcassets; sourceTree = "<group>"; };
		21705A6D205EFDB200E417CA /* Base */ = {isa = PBXFileReference; lastKnownFileType = file.storyboard; name = Base; path = Base.lproj/LaunchScreen.storyboard; sourceTree = "<group>"; };
		21705A6F205EFDB200E417CA /* Info.plist */ = {isa = PBXFileReference; lastKnownFileType = text.plist.xml; path = Info.plist; sourceTree = "<group>"; };
		21705A76205F3FDF00E417CA /* uiview.swift */ = {isa = PBXFileReference; lastKnownFileType = sourcecode.swift; path = uiview.swift; sourceTree = "<group>"; };
		21705A78205F492500E417CA /* constants.swift */ = {isa = PBXFileReference; lastKnownFileType = sourcecode.swift; path = constants.swift; sourceTree = "<group>"; };
		21705A7B205F49D600E417CA /* WalkThroughCell.swift */ = {isa = PBXFileReference; lastKnownFileType = sourcecode.swift; path = WalkThroughCell.swift; sourceTree = "<group>"; };
		21705A7E205F6C0100E417CA /* Page.swift */ = {isa = PBXFileReference; lastKnownFileType = sourcecode.swift; path = Page.swift; sourceTree = "<group>"; };
		21705A80206013E000E417CA /* WalkThroughLoginCell.swift */ = {isa = PBXFileReference; lastKnownFileType = sourcecode.swift; path = WalkThroughLoginCell.swift; sourceTree = "<group>"; };
/* End PBXFileReference section */

/* Begin PBXFrameworksBuildPhase section */
		21705A5D205EFDB200E417CA /* Frameworks */ = {
			isa = PBXFrameworksBuildPhase;
			buildActionMask = 2147483647;
			files = (
			);
			runOnlyForDeploymentPostprocessing = 0;
		};
/* End PBXFrameworksBuildPhase section */

/* Begin PBXGroup section */
		21705A57205EFDB200E417CA = {
			isa = PBXGroup;
			children = (
				21705A62205EFDB200E417CA /* AudibleLogin */,
				21705A61205EFDB200E417CA /* Products */,
			);
			sourceTree = "<group>";
		};
		21705A61205EFDB200E417CA /* Products */ = {
			isa = PBXGroup;
			children = (
				21705A60205EFDB200E417CA /* AudibleLogin.app */,
			);
			name = Products;
			sourceTree = "<group>";
		};
		21705A62205EFDB200E417CA /* AudibleLogin */ = {
			isa = PBXGroup;
			children = (
				21705A75205F3FCC00E417CA /* extensions */,
				21705A63205EFDB200E417CA /* AppDelegate.swift */,
				21705A65205EFDB200E417CA /* WalkThrough.swift */,
				21705A7D205F6BF000E417CA /* Model */,
				21705A7A205F49AC00E417CA /* View */,
				21705A67205EFDB200E417CA /* Main.storyboard */,
				21705A6A205EFDB200E417CA /* Assets.xcassets */,
				21705A6C205EFDB200E417CA /* LaunchScreen.storyboard */,
				21705A6F205EFDB200E417CA /* Info.plist */,
				21705A78205F492500E417CA /* constants.swift */,
			);
			path = AudibleLogin;
			sourceTree = "<group>";
		};
		21705A75205F3FCC00E417CA /* extensions */ = {
			isa = PBXGroup;
			children = (
				21705A76205F3FDF00E417CA /* uiview.swift */,
			);
			path = extensions;
			sourceTree = "<group>";
		};
		21705A7A205F49AC00E417CA /* View */ = {
			isa = PBXGroup;
			children = (
				21705A7B205F49D600E417CA /* WalkThroughCell.swift */,
				21705A80206013E000E417CA /* WalkThroughLoginCell.swift */,
			);
			path = View;
			sourceTree = "<group>";
		};
		21705A7D205F6BF000E417CA /* Model */ = {
			isa = PBXGroup;
			children = (
				21705A7E205F6C0100E417CA /* Page.swift */,
			);
			path = Model;
			sourceTree = "<group>";
		};
/* End PBXGroup section */

/* Begin PBXNativeTarget section */
		21705A5F205EFDB200E417CA /* AudibleLogin */ = {
			isa = PBXNativeTarget;
			buildConfigurationList = 21705A72205EFDB200E417CA /* Build configuration list for PBXNativeTarget "AudibleLogin" */;
			buildPhases = (
				21705A5C205EFDB200E417CA /* Sources */,
				21705A5D205EFDB200E417CA /* Frameworks */,
				21705A5E205EFDB200E417CA /* Resources */,
			);
			buildRules = (
			);
			dependencies = (
			);
			name = AudibleLogin;
			productName = AudibleLogin;
			productReference = 21705A60205EFDB200E417CA /* AudibleLogin.app */;
			productType = "com.apple.product-type.application";
		};
/* End PBXNativeTarget section */

/* Begin PBXProject section */
		21705A58205EFDB200E417CA /* Project object */ = {
			isa = PBXProject;
			attributes = {
				LastSwiftUpdateCheck = 0920;
				LastUpgradeCheck = 0920;
				ORGANIZATIONNAME = "Ahmed Eid";
				TargetAttributes = {
					21705A5F205EFDB200E417CA = {
						CreatedOnToolsVersion = 9.2;
						ProvisioningStyle = Automatic;
					};
				};
			};
			buildConfigurationList = 21705A5B205EFDB200E417CA /* Build configuration list for PBXProject "AudibleLogin" */;
			compatibilityVersion = "Xcode 8.0";
			developmentRegion = en;
			hasScannedForEncodings = 0;
			knownRegions = (
				en,
				Base,
			);
			mainGroup = 21705A57205EFDB200E417CA;
			productRefGroup = 21705A61205EFDB200E417CA /* Products */;
			projectDirPath = "";
			projectRoot = "";
			targets = (
				21705A5F205EFDB200E417CA /* AudibleLogin */,
			);
		};
/* End PBXProject section */

/* Begin PBXResourcesBuildPhase section */
		21705A5E205EFDB200E417CA /* Resources */ = {
			isa = PBXResourcesBuildPhase;
			buildActionMask = 2147483647;
			files = (
				21705A6E205EFDB200E417CA /* LaunchScreen.storyboard in Resources */,
				21705A6B205EFDB200E417CA /* Assets.xcassets in Resources */,
				21705A69205EFDB200E417CA /* Main.storyboard in Resources */,
			);
			runOnlyForDeploymentPostprocessing = 0;
		};
/* End PBXResourcesBuildPhase section */

/* Begin PBXSourcesBuildPhase section */
		21705A5C205EFDB200E417CA /* Sources */ = {
			isa = PBXSourcesBuildPhase;
			buildActionMask = 2147483647;
			files = (
				21705A66205EFDB200E417CA /* WalkThrough.swift in Sources */,
				21705A7C205F49D600E417CA /* WalkThroughCell.swift in Sources */,
				21705A7F205F6C0100E417CA /* Page.swift in Sources */,
				21705A64205EFDB200E417CA /* AppDelegate.swift in Sources */,
				21705A77205F3FDF00E417CA /* uiview.swift in Sources */,
				21705A79205F492500E417CA /* constants.swift in Sources */,
				21705A81206013E000E417CA /* WalkThroughLoginCell.swift in Sources */,
			);
			runOnlyForDeploymentPostprocessing = 0;
		};
/* End PBXSourcesBuildPhase section */

/* Begin PBXVariantGroup section */
		21705A67205EFDB200E417CA /* Main.storyboard */ = {
			isa = PBXVariantGroup;
			children = (
				21705A68205EFDB200E417CA /* Base */,
			);
			name = Main.storyboard;
			sourceTree = "<group>";
		};
		21705A6C205EFDB200E417CA /* LaunchScreen.storyboard */ = {
			isa = PBXVariantGroup;
			children = (
				21705A6D205EFDB200E417CA /* Base */,
			);
			name = LaunchScreen.storyboard;
			sourceTree = "<group>";
		};
/* End PBXVariantGroup section */

/* Begin XCBuildConfiguration section */
		21705A70205EFDB200E417CA /* Debug */ = {
			isa = XCBuildConfiguration;
			buildSettings = {
				ALWAYS_SEARCH_USER_PATHS = NO;
				CLANG_ANALYZER_NONNULL = YES;
				CLANG_ANALYZER_NUMBER_OBJECT_CONVERSION = YES_AGGRESSIVE;
				CLANG_CXX_LANGUAGE_STANDARD = "gnu++14";
				CLANG_CXX_LIBRARY = "libc++";
				CLANG_ENABLE_MODULES = YES;
				CLANG_ENABLE_OBJC_ARC = YES;
				CLANG_WARN_BLOCK_CAPTURE_AUTORELEASING = YES;
				CLANG_WARN_BOOL_CONVERSION = YES;
				CLANG_WARN_COMMA = YES;
				CLANG_WARN_CONSTANT_CONVERSION = YES;
				CLANG_WARN_DIRECT_OBJC_ISA_USAGE = YES_ERROR;
				CLANG_WARN_DOCUMENTATION_COMMENTS = YES;
				CLANG_WARN_EMPTY_BODY = YES;
				CLANG_WARN_ENUM_CONVERSION = YES;
				CLANG_WARN_INFINITE_RECURSION = YES;
				CLANG_WARN_INT_CONVERSION = YES;
				CLANG_WARN_NON_LITERAL_NULL_CONVERSION = YES;
				CLANG_WARN_OBJC_LITERAL_CONVERSION = YES;
				CLANG_WARN_OBJC_ROOT_CLASS = YES_ERROR;
				CLANG_WARN_RANGE_LOOP_ANALYSIS = YES;
				CLANG_WARN_STRICT_PROTOTYPES = YES;
				CLANG_WARN_SUSPICIOUS_MOVE = YES;
				CLANG_WARN_UNGUARDED_AVAILABILITY = YES_AGGRESSIVE;
				CLANG_WARN_UNREACHABLE_CODE = YES;
				CLANG_WARN__DUPLICATE_METHOD_MATCH = YES;
				CODE_SIGN_IDENTITY = "iPhone Developer";
				COPY_PHASE_STRIP = NO;
				DEBUG_INFORMATION_FORMAT = dwarf;
				ENABLE_STRICT_OBJC_MSGSEND = YES;
				ENABLE_TESTABILITY = YES;
				GCC_C_LANGUAGE_STANDARD = gnu11;
				GCC_DYNAMIC_NO_PIC = NO;
				GCC_NO_COMMON_BLOCKS = YES;
				GCC_OPTIMIZATION_LEVEL = 0;
				GCC_PREPROCESSOR_DEFINITIONS = (
					"DEBUG=1",
					"$(inherited)",
				);
				GCC_WARN_64_TO_32_BIT_CONVERSION = YES;
				GCC_WARN_ABOUT_RETURN_TYPE = YES_ERROR;
				GCC_WARN_UNDECLARED_SELECTOR = YES;
				GCC_WARN_UNINITIALIZED_AUTOS = YES_AGGRESSIVE;
				GCC_WARN_UNUSED_FUNCTION = YES;
				GCC_WARN_UNUSED_VARIABLE = YES;
				IPHONEOS_DEPLOYMENT_TARGET = 11.2;
				MTL_ENABLE_DEBUG_INFO = YES;
				ONLY_ACTIVE_ARCH = YES;
				SDKROOT = iphoneos;
				SWIFT_ACTIVE_COMPILATION_CONDITIONS = DEBUG;
				SWIFT_OPTIMIZATION_LEVEL = "-Onone";
			};
			name = Debug;
		};
		21705A71205EFDB200E417CA /* Release */ = {
			isa = XCBuildConfiguration;
			buildSettings = {
				ALWAYS_SEARCH_USER_PATHS = NO;
				CLANG_ANALYZER_NONNULL = YES;
				CLANG_ANALYZER_NUMBER_OBJECT_CONVERSION = YES_AGGRESSIVE;
				CLANG_CXX_LANGUAGE_STANDARD = "gnu++14";
				CLANG_CXX_LIBRARY = "libc++";
				CLANG_ENABLE_MODULES = YES;
				CLANG_ENABLE_OBJC_ARC = YES;
				CLANG_WARN_BLOCK_CAPTURE_AUTORELEASING = YES;
				CLANG_WARN_BOOL_CONVERSION = YES;
				CLANG_WARN_COMMA = YES;
				CLANG_WARN_CONSTANT_CONVERSION = YES;
				CLANG_WARN_DIRECT_OBJC_ISA_USAGE = YES_ERROR;
				CLANG_WARN_DOCUMENTATION_COMMENTS = YES;
				CLANG_WARN_EMPTY_BODY = YES;
				CLANG_WARN_ENUM_CONVERSION = YES;
				CLANG_WARN_INFINITE_RECURSION = YES;
				CLANG_WARN_INT_CONVERSION = YES;
				CLANG_WARN_NON_LITERAL_NULL_CONVERSION = YES;
				CLANG_WARN_OBJC_LITERAL_CONVERSION = YES;
				CLANG_WARN_OBJC_ROOT_CLASS = YES_ERROR;
				CLANG_WARN_RANGE_LOOP_ANALYSIS = YES;
				CLANG_WARN_STRICT_PROTOTYPES = YES;
				CLANG_WARN_SUSPICIOUS_MOVE = YES;
				CLANG_WARN_UNGUARDED_AVAILABILITY = YES_AGGRESSIVE;
				CLANG_WARN_UNREACHABLE_CODE = YES;
				CLANG_WARN__DUPLICATE_METHOD_MATCH = YES;
				CODE_SIGN_IDENTITY = "iPhone Developer";
				COPY_PHASE_STRIP = NO;
				DEBUG_INFORMATION_FORMAT = "dwarf-with-dsym";
				ENABLE_NS_ASSERTIONS = NO;
				ENABLE_STRICT_OBJC_MSGSEND = YES;
				GCC_C_LANGUAGE_STANDARD = gnu11;
				GCC_NO_COMMON_BLOCKS = YES;
				GCC_WARN_64_TO_32_BIT_CONVERSION = YES;
				GCC_WARN_ABOUT_RETURN_TYPE = YES_ERROR;
				GCC_WARN_UNDECLARED_SELECTOR = YES;
				GCC_WARN_UNINITIALIZED_AUTOS = YES_AGGRESSIVE;
				GCC_WARN_UNUSED_FUNCTION = YES;
				GCC_WARN_UNUSED_VARIABLE = YES;
				IPHONEOS_DEPLOYMENT_TARGET = 11.2;
				MTL_ENABLE_DEBUG_INFO = NO;
				SDKROOT = iphoneos;
				SWIFT_OPTIMIZATION_LEVEL = "-Owholemodule";
				VALIDATE_PRODUCT = YES;
			};
			name = Release;
		};
		21705A73205EFDB200E417CA /* Debug */ = {
			isa = XCBuildConfiguration;
			buildSettings = {
				ASSETCATALOG_COMPILER_APPICON_NAME = AppIcon;
				CODE_SIGN_STYLE = Automatic;
				DEVELOPMENT_TEAM = 5UJXZ3RWHA;
				INFOPLIST_FILE = AudibleLogin/Info.plist;
				LD_RUNPATH_SEARCH_PATHS = "$(inherited) @executable_path/Frameworks";
				PRODUCT_BUNDLE_IDENTIFIER = "a-eid.com.github.AudibleLogin";
				PRODUCT_NAME = "$(TARGET_NAME)";
				SWIFT_VERSION = 4.0;
				TARGETED_DEVICE_FAMILY = "1,2";
			};
			name = Debug;
		};
		21705A74205EFDB200E417CA /* Release */ = {
			isa = XCBuildConfiguration;
			buildSettings = {
				ASSETCATALOG_COMPILER_APPICON_NAME = AppIcon;
				CODE_SIGN_STYLE = Automatic;
				DEVELOPMENT_TEAM = 5UJXZ3RWHA;
				INFOPLIST_FILE = AudibleLogin/Info.plist;
				LD_RUNPATH_SEARCH_PATHS = "$(inherited) @executable_path/Frameworks";
				PRODUCT_BUNDLE_IDENTIFIER = "a-eid.com.github.AudibleLogin";
				PRODUCT_NAME = "$(TARGET_NAME)";
				SWIFT_VERSION = 4.0;
				TARGETED_DEVICE_FAMILY = "1,2";
			};
			name = Release;
		};
/* End XCBuildConfiguration section */

/* Begin XCConfigurationList section */
		21705A5B205EFDB200E417CA /* Build configuration list for PBXProject "AudibleLogin" */ = {
			isa = XCConfigurationList;
			buildConfigurations = (
				21705A70205EFDB200E417CA /* Debug */,
				21705A71205EFDB200E417CA /* Release */,
			);
			defaultConfigurationIsVisible = 0;
			defaultConfigurationName = Release;
		};
		21705A72205EFDB200E417CA /* Build configuration list for PBXNativeTarget "AudibleLogin" */ = {
			isa = XCConfigurationList;
			buildConfigurations = (
				21705A73205EFDB200E417CA /* Debug */,
				21705A74205EFDB200E417CA /* Release */,
			);
			defaultConfigurationIsVisible = 0;
			defaultConfigurationName = Release;
		};
/* End XCConfigurationList section */
	};
	rootObject = 21705A58205EFDB200E417CA /* Project object */;
}
